// !$*UTF8*$!
{
	archiveVersion = 1;
	classes = {
	};
	objectVersion = 46;
	objects = {

/* Begin PBXBuildFile section */
		91111EAA1E4758F300D49038 /* AppDelegate.swift in Sources */ = {isa = PBXBuildFile; fileRef = 91111EA91E4758F300D49038 /* AppDelegate.swift */; };
		91111EAC1E4758F300D49038 /* ViewController.swift in Sources */ = {isa = PBXBuildFile; fileRef = 91111EAB1E4758F300D49038 /* ViewController.swift */; };
		91111EAF1E4758F300D49038 /* Main.storyboard in Resources */ = {isa = PBXBuildFile; fileRef = 91111EAD1E4758F300D49038 /* Main.storyboard */; };
		91111EB11E4758F300D49038 /* Assets.xcassets in Resources */ = {isa = PBXBuildFile; fileRef = 91111EB01E4758F300D49038 /* Assets.xcassets */; };
		91111EB41E4758F300D49038 /* LaunchScreen.storyboard in Resources */ = {isa = PBXBuildFile; fileRef = 91111EB21E4758F300D49038 /* LaunchScreen.storyboard */; };
		91111EBF1E4758F300D49038 /* Silly_SongTests.swift in Sources */ = {isa = PBXBuildFile; fileRef = 91111EBE1E4758F300D49038 /* Silly_SongTests.swift */; };
		91111ECA1E4758F300D49038 /* Silly_SongUITests.swift in Sources */ = {isa = PBXBuildFile; fileRef = 91111EC91E4758F300D49038 /* Silly_SongUITests.swift */; };
/* End PBXBuildFile section */

/* Begin PBXContainerItemProxy section */
		91111EBB1E4758F300D49038 /* PBXContainerItemProxy */ = {
			isa = PBXContainerItemProxy;
			containerPortal = 91111E9E1E4758F200D49038 /* Project object */;
			proxyType = 1;
			remoteGlobalIDString = 91111EA51E4758F200D49038;
			remoteInfo = "Silly-Song";
		};
		91111EC61E4758F300D49038 /* PBXContainerItemProxy */ = {
			isa = PBXContainerItemProxy;
			containerPortal = 91111E9E1E4758F200D49038 /* Project object */;
			proxyType = 1;
			remoteGlobalIDString = 91111EA51E4758F200D49038;
			remoteInfo = "Silly-Song";
		};
/* End PBXContainerItemProxy section */

/* Begin PBXFileReference section */
		91111EA61E4758F300D49038 /* Silly-Song.app */ = {isa = PBXFileReference; explicitFileType = wrapper.application; includeInIndex = 0; path = "Silly-Song.app"; sourceTree = BUILT_PRODUCTS_DIR; };
		91111EA91E4758F300D49038 /* AppDelegate.swift */ = {isa = PBXFileReference; lastKnownFileType = sourcecode.swift; path = AppDelegate.swift; sourceTree = "<group>"; };
		91111EAB1E4758F300D49038 /* ViewController.swift */ = {isa = PBXFileReference; lastKnownFileType = sourcecode.swift; path = ViewController.swift; sourceTree = "<group>"; };
		91111EAE1E4758F300D49038 /* Base */ = {isa = PBXFileReference; lastKnownFileType = file.storyboard; name = Base; path = Base.lproj/Main.storyboard; sourceTree = "<group>"; };
		91111EB01E4758F300D49038 /* Assets.xcassets */ = {isa = PBXFileReference; lastKnownFileType = folder.assetcatalog; path = Assets.xcassets; sourceTree = "<group>"; };
		91111EB31E4758F300D49038 /* Base */ = {isa = PBXFileReference; lastKnownFileType = file.storyboard; name = Base; path = Base.lproj/LaunchScreen.storyboard; sourceTree = "<group>"; };
		91111EB51E4758F300D49038 /* Info.plist */ = {isa = PBXFileReference; lastKnownFileType = text.plist.xml; path = Info.plist; sourceTree = "<group>"; };
		91111EBA1E4758F300D49038 /* Silly-SongTests.xctest */ = {isa = PBXFileReference; explicitFileType = wrapper.cfbundle; includeInIndex = 0; path = "Silly-SongTests.xctest"; sourceTree = BUILT_PRODUCTS_DIR; };
		91111EBE1E4758F300D49038 /* Silly_SongTests.swift */ = {isa = PBXFileReference; lastKnownFileType = sourcecode.swift; path = Silly_SongTests.swift; sourceTree = "<group>"; };
		91111EC01E4758F300D49038 /* Info.plist */ = {isa = PBXFileReference; lastKnownFileType = text.plist.xml; path = Info.plist; sourceTree = "<group>"; };
		91111EC51E4758F300D49038 /* Silly-SongUITests.xctest */ = {isa = PBXFileReference; explicitFileType = wrapper.cfbundle; includeInIndex = 0; path = "Silly-SongUITests.xctest"; sourceTree = BUILT_PRODUCTS_DIR; };
		91111EC91E4758F300D49038 /* Silly_SongUITests.swift */ = {isa = PBXFileReference; lastKnownFileType = sourcecode.swift; path = Silly_SongUITests.swift; sourceTree = "<group>"; };
		91111ECB1E4758F300D49038 /* Info.plist */ = {isa = PBXFileReference; lastKnownFileType = text.plist.xml; path = Info.plist; sourceTree = "<group>"; };
/* End PBXFileReference section */

/* Begin PBXFrameworksBuildPhase section */
		91111EA31E4758F200D49038 /* Frameworks */ = {
			isa = PBXFrameworksBuildPhase;
			buildActionMask = 2147483647;
			files = (
			);
			runOnlyForDeploymentPostprocessing = 0;
		};
		91111EB71E4758F300D49038 /* Frameworks */ = {
			isa = PBXFrameworksBuildPhase;
			buildActionMask = 2147483647;
			files = (
			);
			runOnlyForDeploymentPostprocessing = 0;
		};
		91111EC21E4758F300D49038 /* Frameworks */ = {
			isa = PBXFrameworksBuildPhase;
			buildActionMask = 2147483647;
			files = (
			);
			runOnlyForDeploymentPostprocessing = 0;
		};
/* End PBXFrameworksBuildPhase section */

/* Begin PBXGroup section */
		91111E9D1E4758F200D49038 = {
			isa = PBXGroup;
			children = (
				91111EA81E4758F300D49038 /* Silly-Song */,
				91111EBD1E4758F300D49038 /* Silly-SongTests */,
				91111EC81E4758F300D49038 /* Silly-SongUITests */,
				91111EA71E4758F300D49038 /* Products */,
			);
			sourceTree = "<group>";
		};
		91111EA71E4758F300D49038 /* Products */ = {
			isa = PBXGroup;
			children = (
				91111EA61E4758F300D49038 /* Silly-Song.app */,
				91111EBA1E4758F300D49038 /* Silly-SongTests.xctest */,
				91111EC51E4758F300D49038 /* Silly-SongUITests.xctest */,
			);
			name = Products;
			sourceTree = "<group>";
		};
		91111EA81E4758F300D49038 /* Silly-Song */ = {
			isa = PBXGroup;
			children = (
				91111EA91E4758F300D49038 /* AppDelegate.swift */,
				91111EAB1E4758F300D49038 /* ViewController.swift */,
				91111EAD1E4758F300D49038 /* Main.storyboard */,
				91111EB01E4758F300D49038 /* Assets.xcassets */,
				91111EB21E4758F300D49038 /* LaunchScreen.storyboard */,
				91111EB51E4758F300D49038 /* Info.plist */,
			);
			path = "Silly-Song";
			sourceTree = "<group>";
		};
		91111EBD1E4758F300D49038 /* Silly-SongTests */ = {
			isa = PBXGroup;
			children = (
				91111EBE1E4758F300D49038 /* Silly_SongTests.swift */,
				91111EC01E4758F300D49038 /* Info.plist */,
			);
			path = "Silly-SongTests";
			sourceTree = "<group>";
		};
		91111EC81E4758F300D49038 /* Silly-SongUITests */ = {
			isa = PBXGroup;
			children = (
				91111EC91E4758F300D49038 /* Silly_SongUITests.swift */,
				91111ECB1E4758F300D49038 /* Info.plist */,
			);
			path = "Silly-SongUITests";
			sourceTree = "<group>";
		};
/* End PBXGroup section */

/* Begin PBXNativeTarget section */
		91111EA51E4758F200D49038 /* Silly-Song */ = {
			isa = PBXNativeTarget;
			buildConfigurationList = 91111ECE1E4758F300D49038 /* Build configuration list for PBXNativeTarget "Silly-Song" */;
			buildPhases = (
				91111EA21E4758F200D49038 /* Sources */,
				91111EA31E4758F200D49038 /* Frameworks */,
				91111EA41E4758F200D49038 /* Resources */,
			);
			buildRules = (
			);
			dependencies = (
			);
			name = "Silly-Song";
			productName = "Silly-Song";
			productReference = 91111EA61E4758F300D49038 /* Silly-Song.app */;
			productType = "com.apple.product-type.application";
		};
		91111EB91E4758F300D49038 /* Silly-SongTests */ = {
			isa = PBXNativeTarget;
			buildConfigurationList = 91111ED11E4758F300D49038 /* Build configuration list for PBXNativeTarget "Silly-SongTests" */;
			buildPhases = (
				91111EB61E4758F300D49038 /* Sources */,
				91111EB71E4758F300D49038 /* Frameworks */,
				91111EB81E4758F300D49038 /* Resources */,
			);
			buildRules = (
			);
			dependencies = (
				91111EBC1E4758F300D49038 /* PBXTargetDependency */,
			);
			name = "Silly-SongTests";
			productName = "Silly-SongTests";
			productReference = 91111EBA1E4758F300D49038 /* Silly-SongTests.xctest */;
			productType = "com.apple.product-type.bundle.unit-test";
		};
		91111EC41E4758F300D49038 /* Silly-SongUITests */ = {
			isa = PBXNativeTarget;
			buildConfigurationList = 91111ED41E4758F300D49038 /* Build configuration list for PBXNativeTarget "Silly-SongUITests" */;
			buildPhases = (
				91111EC11E4758F300D49038 /* Sources */,
				91111EC21E4758F300D49038 /* Frameworks */,
				91111EC31E4758F300D49038 /* Resources */,
			);
			buildRules = (
			);
			dependencies = (
				91111EC71E4758F300D49038 /* PBXTargetDependency */,
			);
			name = "Silly-SongUITests";
			productName = "Silly-SongUITests";
			productReference = 91111EC51E4758F300D49038 /* Silly-SongUITests.xctest */;
			productType = "com.apple.product-type.bundle.ui-testing";
		};
/* End PBXNativeTarget section */

/* Begin PBXProject section */
		91111E9E1E4758F200D49038 /* Project object */ = {
			isa = PBXProject;
			attributes = {
				LastSwiftUpdateCheck = 0820;
				LastUpgradeCheck = 0820;
				ORGANIZATIONNAME = "Jatin Patel";
				TargetAttributes = {
					91111EA51E4758F200D49038 = {
						CreatedOnToolsVersion = 8.2.1;
						ProvisioningStyle = Automatic;
					};
					91111EB91E4758F300D49038 = {
						CreatedOnToolsVersion = 8.2.1;
						ProvisioningStyle = Automatic;
						TestTargetID = 91111EA51E4758F200D49038;
					};
					91111EC41E4758F300D49038 = {
						CreatedOnToolsVersion = 8.2.1;
						ProvisioningStyle = Automatic;
						TestTargetID = 91111EA51E4758F200D49038;
					};
				};
			};
			buildConfigurationList = 91111EA11E4758F200D49038 /* Build configuration list for PBXProject "Silly-Song" */;
			compatibilityVersion = "Xcode 3.2";
			developmentRegion = English;
			hasScannedForEncodings = 0;
			knownRegions = (
				en,
				Base,
			);
			mainGroup = 91111E9D1E4758F200D49038;
			productRefGroup = 91111EA71E4758F300D49038 /* Products */;
			projectDirPath = "";
			projectRoot = "";
			targets = (
				91111EA51E4758F200D49038 /* Silly-Song */,
				91111EB91E4758F300D49038 /* Silly-SongTests */,
				91111EC41E4758F300D49038 /* Silly-SongUITests */,
			);
		};
/* End PBXProject section */

/* Begin PBXResourcesBuildPhase section */
		91111EA41E4758F200D49038 /* Resources */ = {
			isa = PBXResourcesBuildPhase;
			buildActionMask = 2147483647;
			files = (
				91111EB41E4758F300D49038 /* LaunchScreen.storyboard in Resources */,
				91111EB11E4758F300D49038 /* Assets.xcassets in Resources */,
				91111EAF1E4758F300D49038 /* Main.storyboard in Resources */,
			);
			runOnlyForDeploymentPostprocessing = 0;
		};
		91111EB81E4758F300D49038 /* Resources */ = {
			isa = PBXResourcesBuildPhase;
			buildActionMask = 2147483647;
			files = (
			);
			runOnlyForDeploymentPostprocessing = 0;
		};
		91111EC31E4758F300D49038 /* Resources */ = {
			isa = PBXResourcesBuildPhase;
			buildActionMask = 2147483647;
			files = (
			);
			runOnlyForDeploymentPostprocessing = 0;
		};
/* End PBXResourcesBuildPhase section */

/* Begin PBXSourcesBuildPhase section */
		91111EA21E4758F200D49038 /* Sources */ = {
			isa = PBXSourcesBuildPhase;
			buildActionMask = 2147483647;
			files = (
				91111EAC1E4758F300D49038 /* ViewController.swift in Sources */,
				91111EAA1E4758F300D49038 /* AppDelegate.swift in Sources */,
			);
			runOnlyForDeploymentPostprocessing = 0;
		};
		91111EB61E4758F300D49038 /* Sources */ = {
			isa = PBXSourcesBuildPhase;
			buildActionMask = 2147483647;
			files = (
				91111EBF1E4758F300D49038 /* Silly_SongTests.swift in Sources */,
			);
			runOnlyForDeploymentPostprocessing = 0;
		};
		91111EC11E4758F300D49038 /* Sources */ = {
			isa = PBXSourcesBuildPhase;
			buildActionMask = 2147483647;
			files = (
				91111ECA1E4758F300D49038 /* Silly_SongUITests.swift in Sources */,
			);
			runOnlyForDeploymentPostprocessing = 0;
		};
/* End PBXSourcesBuildPhase section */

/* Begin PBXTargetDependency section */
		91111EBC1E4758F300D49038 /* PBXTargetDependency */ = {
			isa = PBXTargetDependency;
			target = 91111EA51E4758F200D49038 /* Silly-Song */;
			targetProxy = 91111EBB1E4758F300D49038 /* PBXContainerItemProxy */;
		};
		91111EC71E4758F300D49038 /* PBXTargetDependency */ = {
			isa = PBXTargetDependency;
			target = 91111EA51E4758F200D49038 /* Silly-Song */;
			targetProxy = 91111EC61E4758F300D49038 /* PBXContainerItemProxy */;
		};
/* End PBXTargetDependency section */

/* Begin PBXVariantGroup section */
		91111EAD1E4758F300D49038 /* Main.storyboard */ = {
			isa = PBXVariantGroup;
			children = (
				91111EAE1E4758F300D49038 /* Base */,
			);
			name = Main.storyboard;
			sourceTree = "<group>";
		};
		91111EB21E4758F300D49038 /* LaunchScreen.storyboard */ = {
			isa = PBXVariantGroup;
			children = (
				91111EB31E4758F300D49038 /* Base */,
			);
			name = LaunchScreen.storyboard;
			sourceTree = "<group>";
		};
/* End PBXVariantGroup section */

/* Begin XCBuildConfiguration section */
		91111ECC1E4758F300D49038 /* Debug */ = {
			isa = XCBuildConfiguration;
			buildSettings = {
				ALWAYS_SEARCH_USER_PATHS = NO;
				CLANG_ANALYZER_NONNULL = YES;
				CLANG_CXX_LANGUAGE_STANDARD = "gnu++0x";
				CLANG_CXX_LIBRARY = "libc++";
				CLANG_ENABLE_MODULES = YES;
				CLANG_ENABLE_OBJC_ARC = YES;
				CLANG_WARN_BOOL_CONVERSION = YES;
				CLANG_WARN_CONSTANT_CONVERSION = YES;
				CLANG_WARN_DIRECT_OBJC_ISA_USAGE = YES_ERROR;
				CLANG_WARN_DOCUMENTATION_COMMENTS = YES;
				CLANG_WARN_EMPTY_BODY = YES;
				CLANG_WARN_ENUM_CONVERSION = YES;
				CLANG_WARN_INFINITE_RECURSION = YES;
				CLANG_WARN_INT_CONVERSION = YES;
				CLANG_WARN_OBJC_ROOT_CLASS = YES_ERROR;
				CLANG_WARN_SUSPICIOUS_MOVE = YES;
				CLANG_WARN_UNREACHABLE_CODE = YES;
				CLANG_WARN__DUPLICATE_METHOD_MATCH = YES;
				"CODE_SIGN_IDENTITY[sdk=iphoneos*]" = "iPhone Developer";
				COPY_PHASE_STRIP = NO;
				DEBUG_INFORMATION_FORMAT = dwarf;
				ENABLE_STRICT_OBJC_MSGSEND = YES;
				ENABLE_TESTABILITY = YES;
				GCC_C_LANGUAGE_STANDARD = gnu99;
				GCC_DYNAMIC_NO_PIC = NO;
				GCC_NO_COMMON_BLOCKS = YES;
				GCC_OPTIMIZATION_LEVEL = 0;
				GCC_PREPROCESSOR_DEFINITIONS = (
					"DEBUG=1",
					"$(inherited)",
				);
				GCC_WARN_64_TO_32_BIT_CONVERSION = YES;
				GCC_WARN_ABOUT_RETURN_TYPE = YES_ERROR;
				GCC_WARN_UNDECLARED_SELECTOR = YES;
				GCC_WARN_UNINITIALIZED_AUTOS = YES_AGGRESSIVE;
				GCC_WARN_UNUSED_FUNCTION = YES;
				GCC_WARN_UNUSED_VARIABLE = YES;
				IPHONEOS_DEPLOYMENT_TARGET = 10.2;
				MTL_ENABLE_DEBUG_INFO = YES;
				ONLY_ACTIVE_ARCH = YES;
				SDKROOT = iphoneos;
				SWIFT_ACTIVE_COMPILATION_CONDITIONS = DEBUG;
				SWIFT_OPTIMIZATION_LEVEL = "-Onone";
			};
			name = Debug;
		};
		91111ECD1E4758F300D49038 /* Release */ = {
			isa = XCBuildConfiguration;
			buildSettings = {
				ALWAYS_SEARCH_USER_PATHS = NO;
				CLANG_ANALYZER_NONNULL = YES;
				CLANG_CXX_LANGUAGE_STANDARD = "gnu++0x";
				CLANG_CXX_LIBRARY = "libc++";
				CLANG_ENABLE_MODULES = YES;
				CLANG_ENABLE_OBJC_ARC = YES;
				CLANG_WARN_BOOL_CONVERSION = YES;
				CLANG_WARN_CONSTANT_CONVERSION = YES;
				CLANG_WARN_DIRECT_OBJC_ISA_USAGE = YES_ERROR;
				CLANG_WARN_DOCUMENTATION_COMMENTS = YES;
				CLANG_WARN_EMPTY_BODY = YES;
				CLANG_WARN_ENUM_CONVERSION = YES;
				CLANG_WARN_INFINITE_RECURSION = YES;
				CLANG_WARN_INT_CONVERSION = YES;
				CLANG_WARN_OBJC_ROOT_CLASS = YES_ERROR;
				CLANG_WARN_SUSPICIOUS_MOVE = YES;
				CLANG_WARN_UNREACHABLE_CODE = YES;
				CLANG_WARN__DUPLICATE_METHOD_MATCH = YES;
				"CODE_SIGN_IDENTITY[sdk=iphoneos*]" = "iPhone Developer";
				COPY_PHASE_STRIP = NO;
				DEBUG_INFORMATION_FORMAT = "dwarf-with-dsym";
				ENABLE_NS_ASSERTIONS = NO;
				ENABLE_STRICT_OBJC_MSGSEND = YES;
				GCC_C_LANGUAGE_STANDARD = gnu99;
				GCC_NO_COMMON_BLOCKS = YES;
				GCC_WARN_64_TO_32_BIT_CONVERSION = YES;
				GCC_WARN_ABOUT_RETURN_TYPE = YES_ERROR;
				GCC_WARN_UNDECLARED_SELECTOR = YES;
				GCC_WARN_UNINITIALIZED_AUTOS = YES_AGGRESSIVE;
				GCC_WARN_UNUSED_FUNCTION = YES;
				GCC_WARN_UNUSED_VARIABLE = YES;
				IPHONEOS_DEPLOYMENT_TARGET = 10.2;
				MTL_ENABLE_DEBUG_INFO = NO;
				SDKROOT = iphoneos;
				SWIFT_OPTIMIZATION_LEVEL = "-Owholemodule";
				VALIDATE_PRODUCT = YES;
			};
			name = Release;
		};
		91111ECF1E4758F300D49038 /* Debug */ = {
			isa = XCBuildConfiguration;
			buildSettings = {
				ASSETCATALOG_COMPILER_APPICON_NAME = AppIcon;
				INFOPLIST_FILE = "Silly-Song/Info.plist";
				LD_RUNPATH_SEARCH_PATHS = "$(inherited) @executable_path/Frameworks";
				PRODUCT_BUNDLE_IDENTIFIER = "Jpatel.Silly-Song";
				PRODUCT_NAME = "$(TARGET_NAME)";
				SWIFT_VERSION = 3.0;
			};
			name = Debug;
		};
		91111ED01E4758F300D49038 /* Release */ = {
			isa = XCBuildConfiguration;
			buildSettings = {
				ASSETCATALOG_COMPILER_APPICON_NAME = AppIcon;
				INFOPLIST_FILE = "Silly-Song/Info.plist";
				LD_RUNPATH_SEARCH_PATHS = "$(inherited) @executable_path/Frameworks";
				PRODUCT_BUNDLE_IDENTIFIER = "Jpatel.Silly-Song";
				PRODUCT_NAME = "$(TARGET_NAME)";
				SWIFT_VERSION = 3.0;
			};
			name = Release;
		};
		91111ED21E4758F300D49038 /* Debug */ = {
			isa = XCBuildConfiguration;
			buildSettings = {
				ALWAYS_EMBED_SWIFT_STANDARD_LIBRARIES = YES;
				BUNDLE_LOADER = "$(TEST_HOST)";
				INFOPLIST_FILE = "Silly-SongTests/Info.plist";
				LD_RUNPATH_SEARCH_PATHS = "$(inherited) @executable_path/Frameworks @loader_path/Frameworks";
				PRODUCT_BUNDLE_IDENTIFIER = "Jpatel.Silly-SongTests";
				PRODUCT_NAME = "$(TARGET_NAME)";
				SWIFT_VERSION = 3.0;
				TEST_HOST = "$(BUILT_PRODUCTS_DIR)/Silly-Song.app/Silly-Song";
			};
			name = Debug;
		};
		91111ED31E4758F300D49038 /* Release */ = {
			isa = XCBuildConfiguration;
			buildSettings = {
				ALWAYS_EMBED_SWIFT_STANDARD_LIBRARIES = YES;
				BUNDLE_LOADER = "$(TEST_HOST)";
				INFOPLIST_FILE = "Silly-SongTests/Info.plist";
				LD_RUNPATH_SEARCH_PATHS = "$(inherited) @executable_path/Frameworks @loader_path/Frameworks";
				PRODUCT_BUNDLE_IDENTIFIER = "Jpatel.Silly-SongTests";
				PRODUCT_NAME = "$(TARGET_NAME)";
				SWIFT_VERSION = 3.0;
				TEST_HOST = "$(BUILT_PRODUCTS_DIR)/Silly-Song.app/Silly-Song";
			};
			name = Release;
		};
		91111ED51E4758F300D49038 /* Debug */ = {
			isa = XCBuildConfiguration;
			buildSettings = {
				ALWAYS_EMBED_SWIFT_STANDARD_LIBRARIES = YES;
				INFOPLIST_FILE = "Silly-SongUITests/Info.plist";
				LD_RUNPATH_SEARCH_PATHS = "$(inherited) @executable_path/Frameworks @loader_path/Frameworks";
				PRODUCT_BUNDLE_IDENTIFIER = "Jpatel.Silly-SongUITests";
				PRODUCT_NAME = "$(TARGET_NAME)";
				SWIFT_VERSION = 3.0;
				TEST_TARGET_NAME = "Silly-Song";
			};
			name = Debug;
		};
		91111ED61E4758F300D49038 /* Release */ = {
			isa = XCBuildConfiguration;
			buildSettings = {
				ALWAYS_EMBED_SWIFT_STANDARD_LIBRARIES = YES;
				INFOPLIST_FILE = "Silly-SongUITests/Info.plist";
				LD_RUNPATH_SEARCH_PATHS = "$(inherited) @executable_path/Frameworks @loader_path/Frameworks";
				PRODUCT_BUNDLE_IDENTIFIER = "Jpatel.Silly-SongUITests";
				PRODUCT_NAME = "$(TARGET_NAME)";
				SWIFT_VERSION = 3.0;
				TEST_TARGET_NAME = "Silly-Song";
			};
			name = Release;
		};
/* End XCBuildConfiguration section */

/* Begin XCConfigurationList section */
		91111EA11E4758F200D49038 /* Build configuration list for PBXProject "Silly-Song" */ = {
			isa = XCConfigurationList;
			buildConfigurations = (
				91111ECC1E4758F300D49038 /* Debug */,
				91111ECD1E4758F300D49038 /* Release */,
			);
			defaultConfigurationIsVisible = 0;
			defaultConfigurationName = Release;
		};
		91111ECE1E4758F300D49038 /* Build configuration list for PBXNativeTarget "Silly-Song" */ = {
			isa = XCConfigurationList;
			buildConfigurations = (
				91111ECF1E4758F300D49038 /* Debug */,
				91111ED01E4758F300D49038 /* Release */,
			);
			defaultConfigurationIsVisible = 0;
			defaultConfigurationName = Release;
		};
		91111ED11E4758F300D49038 /* Build configuration list for PBXNativeTarget "Silly-SongTests" */ = {
			isa = XCConfigurationList;
			buildConfigurations = (
				91111ED21E4758F300D49038 /* Debug */,
				91111ED31E4758F300D49038 /* Release */,
			);
			defaultConfigurationIsVisible = 0;
			defaultConfigurationName = Release;
		};
		91111ED41E4758F300D49038 /* Build configuration list for PBXNativeTarget "Silly-SongUITests" */ = {
			isa = XCConfigurationList;
			buildConfigurations = (
				91111ED51E4758F300D49038 /* Debug */,
				91111ED61E4758F300D49038 /* Release */,
			);
			defaultConfigurationIsVisible = 0;
			defaultConfigurationName = Release;
		};
/* End XCConfigurationList section */
	};
	rootObject = 91111E9E1E4758F200D49038 /* Project object */;
}
